
Microsoft Visual Studio Solution File, Format Version 12.00
# Visual Studio Version 17
VisualStudioVersion = 17.5.2.0
MinimumVisualStudioVersion = 10.0.40219.1
Project("{2150E333-8FDC-42A3-9474-1A3956D46DE8}") = "Code", "Code", "{314C6247-30EA-3492-19B6-DF847E3B326F}"
EndProject
Project("{FAE04EC0-301F-11D3-BF4B-00C04F79EFBC}") = "Aids", "Code\Aids\Aids.csproj", "{E475D507-413F-8FF3-A4B4-C5DF5BD4DC04}"
EndProject
Project("{FAE04EC0-301F-11D3-BF4B-00C04F79EFBC}") = "Data", "Code\Data\Data.csproj", "{9E308D50-4729-4340-8116-0A11F08077BD}"
EndProject
Project("{FAE04EC0-301F-11D3-BF4B-00C04F79EFBC}") = "Jobs", "Code\Jobs\Jobs.csproj", "{6286B71D-7671-43CB-90EC-BB30F350BE7F}"
EndProject
Project("{FAE04EC0-301F-11D3-BF4B-00C04F79EFBC}") = "Domain", "Code\Domain\Domain.csproj", "{B3FAC721-7B13-4FBB-AF4A-7DA14F2F5BD2}"
EndProject
Project("{FAE04EC0-301F-11D3-BF4B-00C04F79EFBC}") = "Infra", "Code\Infra\Infra.csproj", "{76F0645E-5797-4643-978F-3511E7689D92}"
EndProject
Project("{FAE04EC0-301F-11D3-BF4B-00C04F79EFBC}") = "Shared", "Code\Shared\Shared.csproj", "{CA92353B-5E75-4AA7-8BF0-EFE3685E8539}"
EndProject
Project("{2150E333-8FDC-42A3-9474-1A3956D46DE8}") = "Soft", "Soft", "{2B55A73D-1218-FAFF-A140-3DD9B2BFB11F}"
EndProject
Project("{2150E333-8FDC-42A3-9474-1A3956D46DE8}") = "Tests", "Tests", "{0AB3BF05-4346-4AA6-1389-037BE0695223}"
EndProject
Project("{FAE04EC0-301F-11D3-BF4B-00C04F79EFBC}") = "Tests.Aids", "Tests\Tests.Aids\Tests.Aids.csproj", "{E747431B-6A8D-4F9E-93A2-BAE5226075A8}"
EndProject
Project("{FAE04EC0-301F-11D3-BF4B-00C04F79EFBC}") = "Abc.Soft.Web", "Soft\Movie\Abc.Soft.Web\Abc.Soft.Web.csproj", "{327E76F0-857C-4793-8DA7-863CB1B30ECB}"
EndProject
Project("{FAE04EC0-301F-11D3-BF4B-00C04F79EFBC}") = "Abc.Soft.Web.Client", "Soft\Movie\Abc.Soft.Web.Client\Abc.Soft.Web.Client.csproj", "{47D21CAD-E895-4FD2-BEFC-2AE672373B07}"
EndProject
Global
	GlobalSection(SolutionConfigurationPlatforms) = preSolution
		Debug|Any CPU = Debug|Any CPU
		Debug|x64 = Debug|x64
		Debug|x86 = Debug|x86
		Release|Any CPU = Release|Any CPU
		Release|x64 = Release|x64
		Release|x86 = Release|x86
	EndGlobalSection
	GlobalSection(ProjectConfigurationPlatforms) = postSolution
		{E475D507-413F-8FF3-A4B4-C5DF5BD4DC04}.Debug|Any CPU.ActiveCfg = Debug|Any CPU
		{E475D507-413F-8FF3-A4B4-C5DF5BD4DC04}.Debug|Any CPU.Build.0 = Debug|Any CPU
		{E475D507-413F-8FF3-A4B4-C5DF5BD4DC04}.Debug|x64.ActiveCfg = Debug|Any CPU
		{E475D507-413F-8FF3-A4B4-C5DF5BD4DC04}.Debug|x64.Build.0 = Debug|Any CPU
		{E475D507-413F-8FF3-A4B4-C5DF5BD4DC04}.Debug|x86.ActiveCfg = Debug|Any CPU
		{E475D507-413F-8FF3-A4B4-C5DF5BD4DC04}.Debug|x86.Build.0 = Debug|Any CPU
		{E475D507-413F-8FF3-A4B4-C5DF5BD4DC04}.Release|Any CPU.ActiveCfg = Release|Any CPU
		{E475D507-413F-8FF3-A4B4-C5DF5BD4DC04}.Release|Any CPU.Build.0 = Release|Any CPU
		{E475D507-413F-8FF3-A4B4-C5DF5BD4DC04}.Release|x64.ActiveCfg = Release|Any CPU
		{E475D507-413F-8FF3-A4B4-C5DF5BD4DC04}.Release|x64.Build.0 = Release|Any CPU
		{E475D507-413F-8FF3-A4B4-C5DF5BD4DC04}.Release|x86.ActiveCfg = Release|Any CPU
		{E475D507-413F-8FF3-A4B4-C5DF5BD4DC04}.Release|x86.Build.0 = Release|Any CPU
		{9E308D50-4729-4340-8116-0A11F08077BD}.Debug|Any CPU.ActiveCfg = Debug|Any CPU
		{9E308D50-4729-4340-8116-0A11F08077BD}.Debug|Any CPU.Build.0 = Debug|Any CPU
		{9E308D50-4729-4340-8116-0A11F08077BD}.Debug|x64.ActiveCfg = Debug|Any CPU
		{9E308D50-4729-4340-8116-0A11F08077BD}.Debug|x64.Build.0 = Debug|Any CPU
		{9E308D50-4729-4340-8116-0A11F08077BD}.Debug|x86.ActiveCfg = Debug|Any CPU
		{9E308D50-4729-4340-8116-0A11F08077BD}.Debug|x86.Build.0 = Debug|Any CPU
		{9E308D50-4729-4340-8116-0A11F08077BD}.Release|Any CPU.ActiveCfg = Release|Any CPU
		{9E308D50-4729-4340-8116-0A11F08077BD}.Release|Any CPU.Build.0 = Release|Any CPU
		{9E308D50-4729-4340-8116-0A11F08077BD}.Release|x64.ActiveCfg = Release|Any CPU
		{9E308D50-4729-4340-8116-0A11F08077BD}.Release|x64.Build.0 = Release|Any CPU
		{9E308D50-4729-4340-8116-0A11F08077BD}.Release|x86.ActiveCfg = Release|Any CPU
		{9E308D50-4729-4340-8116-0A11F08077BD}.Release|x86.Build.0 = Release|Any CPU
		{6286B71D-7671-43CB-90EC-BB30F350BE7F}.Debug|Any CPU.ActiveCfg = Debug|Any CPU
		{6286B71D-7671-43CB-90EC-BB30F350BE7F}.Debug|Any CPU.Build.0 = Debug|Any CPU
		{6286B71D-7671-43CB-90EC-BB30F350BE7F}.Debug|x64.ActiveCfg = Debug|Any CPU
		{6286B71D-7671-43CB-90EC-BB30F350BE7F}.Debug|x64.Build.0 = Debug|Any CPU
		{6286B71D-7671-43CB-90EC-BB30F350BE7F}.Debug|x86.ActiveCfg = Debug|Any CPU
		{6286B71D-7671-43CB-90EC-BB30F350BE7F}.Debug|x86.Build.0 = Debug|Any CPU
		{6286B71D-7671-43CB-90EC-BB30F350BE7F}.Release|Any CPU.ActiveCfg = Release|Any CPU
		{6286B71D-7671-43CB-90EC-BB30F350BE7F}.Release|Any CPU.Build.0 = Release|Any CPU
		{6286B71D-7671-43CB-90EC-BB30F350BE7F}.Release|x64.ActiveCfg = Release|Any CPU
		{6286B71D-7671-43CB-90EC-BB30F350BE7F}.Release|x64.Build.0 = Release|Any CPU
		{6286B71D-7671-43CB-90EC-BB30F350BE7F}.Release|x86.ActiveCfg = Release|Any CPU
		{6286B71D-7671-43CB-90EC-BB30F350BE7F}.Release|x86.Build.0 = Release|Any CPU
		{B3FAC721-7B13-4FBB-AF4A-7DA14F2F5BD2}.Debug|Any CPU.ActiveCfg = Debug|Any CPU
		{B3FAC721-7B13-4FBB-AF4A-7DA14F2F5BD2}.Debug|Any CPU.Build.0 = Debug|Any CPU
		{B3FAC721-7B13-4FBB-AF4A-7DA14F2F5BD2}.Debug|x64.ActiveCfg = Debug|Any CPU
		{B3FAC721-7B13-4FBB-AF4A-7DA14F2F5BD2}.Debug|x64.Build.0 = Debug|Any CPU
		{B3FAC721-7B13-4FBB-AF4A-7DA14F2F5BD2}.Debug|x86.ActiveCfg = Debug|Any CPU
		{B3FAC721-7B13-4FBB-AF4A-7DA14F2F5BD2}.Debug|x86.Build.0 = Debug|Any CPU
		{B3FAC721-7B13-4FBB-AF4A-7DA14F2F5BD2}.Release|Any CPU.ActiveCfg = Release|Any CPU
		{B3FAC721-7B13-4FBB-AF4A-7DA14F2F5BD2}.Release|Any CPU.Build.0 = Release|Any CPU
		{B3FAC721-7B13-4FBB-AF4A-7DA14F2F5BD2}.Release|x64.ActiveCfg = Release|Any CPU
		{B3FAC721-7B13-4FBB-AF4A-7DA14F2F5BD2}.Release|x64.Build.0 = Release|Any CPU
		{B3FAC721-7B13-4FBB-AF4A-7DA14F2F5BD2}.Release|x86.ActiveCfg = Release|Any CPU
		{B3FAC721-7B13-4FBB-AF4A-7DA14F2F5BD2}.Release|x86.Build.0 = Release|Any CPU
		{76F0645E-5797-4643-978F-3511E7689D92}.Debug|Any CPU.ActiveCfg = Debug|Any CPU
		{76F0645E-5797-4643-978F-3511E7689D92}.Debug|Any CPU.Build.0 = Debug|Any CPU
		{76F0645E-5797-4643-978F-3511E7689D92}.Debug|x64.ActiveCfg = Debug|Any CPU
		{76F0645E-5797-4643-978F-3511E7689D92}.Debug|x64.Build.0 = Debug|Any CPU
		{76F0645E-5797-4643-978F-3511E7689D92}.Debug|x86.ActiveCfg = Debug|Any CPU
		{76F0645E-5797-4643-978F-3511E7689D92}.Debug|x86.Build.0 = Debug|Any CPU
		{76F0645E-5797-4643-978F-3511E7689D92}.Release|Any CPU.ActiveCfg = Release|Any CPU
		{76F0645E-5797-4643-978F-3511E7689D92}.Release|Any CPU.Build.0 = Release|Any CPU
		{76F0645E-5797-4643-978F-3511E7689D92}.Release|x64.ActiveCfg = Release|Any CPU
		{76F0645E-5797-4643-978F-3511E7689D92}.Release|x64.Build.0 = Release|Any CPU
		{76F0645E-5797-4643-978F-3511E7689D92}.Release|x86.ActiveCfg = Release|Any CPU
		{76F0645E-5797-4643-978F-3511E7689D92}.Release|x86.Build.0 = Release|Any CPU
		{CA92353B-5E75-4AA7-8BF0-EFE3685E8539}.Debug|Any CPU.ActiveCfg = Debug|Any CPU
		{CA92353B-5E75-4AA7-8BF0-EFE3685E8539}.Debug|Any CPU.Build.0 = Debug|Any CPU
		{CA92353B-5E75-4AA7-8BF0-EFE3685E8539}.Debug|x64.ActiveCfg = Debug|Any CPU
		{CA92353B-5E75-4AA7-8BF0-EFE3685E8539}.Debug|x64.Build.0 = Debug|Any CPU
		{CA92353B-5E75-4AA7-8BF0-EFE3685E8539}.Debug|x86.ActiveCfg = Debug|Any CPU
		{CA92353B-5E75-4AA7-8BF0-EFE3685E8539}.Debug|x86.Build.0 = Debug|Any CPU
		{CA92353B-5E75-4AA7-8BF0-EFE3685E8539}.Release|Any CPU.ActiveCfg = Release|Any CPU
		{CA92353B-5E75-4AA7-8BF0-EFE3685E8539}.Release|Any CPU.Build.0 = Release|Any CPU
		{CA92353B-5E75-4AA7-8BF0-EFE3685E8539}.Release|x64.ActiveCfg = Release|Any CPU
		{CA92353B-5E75-4AA7-8BF0-EFE3685E8539}.Release|x64.Build.0 = Release|Any CPU
		{CA92353B-5E75-4AA7-8BF0-EFE3685E8539}.Release|x86.ActiveCfg = Release|Any CPU
		{CA92353B-5E75-4AA7-8BF0-EFE3685E8539}.Release|x86.Build.0 = Release|Any CPU
		{E747431B-6A8D-4F9E-93A2-BAE5226075A8}.Debug|Any CPU.ActiveCfg = Debug|Any CPU
		{E747431B-6A8D-4F9E-93A2-BAE5226075A8}.Debug|Any CPU.Build.0 = Debug|Any CPU
		{E747431B-6A8D-4F9E-93A2-BAE5226075A8}.Debug|x64.ActiveCfg = Debug|Any CPU
		{E747431B-6A8D-4F9E-93A2-BAE5226075A8}.Debug|x64.Build.0 = Debug|Any CPU
		{E747431B-6A8D-4F9E-93A2-BAE5226075A8}.Debug|x86.ActiveCfg = Debug|Any CPU
		{E747431B-6A8D-4F9E-93A2-BAE5226075A8}.Debug|x86.Build.0 = Debug|Any CPU
		{E747431B-6A8D-4F9E-93A2-BAE5226075A8}.Release|Any CPU.ActiveCfg = Release|Any CPU
		{E747431B-6A8D-4F9E-93A2-BAE5226075A8}.Release|Any CPU.Build.0 = Release|Any CPU
		{E747431B-6A8D-4F9E-93A2-BAE5226075A8}.Release|x64.ActiveCfg = Release|Any CPU
		{E747431B-6A8D-4F9E-93A2-BAE5226075A8}.Release|x64.Build.0 = Release|Any CPU
		{E747431B-6A8D-4F9E-93A2-BAE5226075A8}.Release|x86.ActiveCfg = Release|Any CPU
		{E747431B-6A8D-4F9E-93A2-BAE5226075A8}.Release|x86.Build.0 = Release|Any CPU
		{327E76F0-857C-4793-8DA7-863CB1B30ECB}.Debug|Any CPU.ActiveCfg = Debug|Any CPU
		{327E76F0-857C-4793-8DA7-863CB1B30ECB}.Debug|Any CPU.Build.0 = Debug|Any CPU
		{327E76F0-857C-4793-8DA7-863CB1B30ECB}.Debug|x64.ActiveCfg = Debug|Any CPU
		{327E76F0-857C-4793-8DA7-863CB1B30ECB}.Debug|x64.Build.0 = Debug|Any CPU
		{327E76F0-857C-4793-8DA7-863CB1B30ECB}.Debug|x86.ActiveCfg = Debug|Any CPU
		{327E76F0-857C-4793-8DA7-863CB1B30ECB}.Debug|x86.Build.0 = Debug|Any CPU
		{327E76F0-857C-4793-8DA7-863CB1B30ECB}.Release|Any CPU.ActiveCfg = Release|Any CPU
		{327E76F0-857C-4793-8DA7-863CB1B30ECB}.Release|Any CPU.Build.0 = Release|Any CPU
		{327E76F0-857C-4793-8DA7-863CB1B30ECB}.Release|x64.ActiveCfg = Release|Any CPU
		{327E76F0-857C-4793-8DA7-863CB1B30ECB}.Release|x64.Build.0 = Release|Any CPU
		{327E76F0-857C-4793-8DA7-863CB1B30ECB}.Release|x86.ActiveCfg = Release|Any CPU
		{327E76F0-857C-4793-8DA7-863CB1B30ECB}.Release|x86.Build.0 = Release|Any CPU
		{47D21CAD-E895-4FD2-BEFC-2AE672373B07}.Debug|Any CPU.ActiveCfg = Debug|Any CPU
		{47D21CAD-E895-4FD2-BEFC-2AE672373B07}.Debug|Any CPU.Build.0 = Debug|Any CPU
		{47D21CAD-E895-4FD2-BEFC-2AE672373B07}.Debug|x64.ActiveCfg = Debug|Any CPU
		{47D21CAD-E895-4FD2-BEFC-2AE672373B07}.Debug|x64.Build.0 = Debug|Any CPU
		{47D21CAD-E895-4FD2-BEFC-2AE672373B07}.Debug|x86.ActiveCfg = Debug|Any CPU
		{47D21CAD-E895-4FD2-BEFC-2AE672373B07}.Debug|x86.Build.0 = Debug|Any CPU
		{47D21CAD-E895-4FD2-BEFC-2AE672373B07}.Release|Any CPU.ActiveCfg = Release|Any CPU
		{47D21CAD-E895-4FD2-BEFC-2AE672373B07}.Release|Any CPU.Build.0 = Release|Any CPU
		{47D21CAD-E895-4FD2-BEFC-2AE672373B07}.Release|x64.ActiveCfg = Release|Any CPU
		{47D21CAD-E895-4FD2-BEFC-2AE672373B07}.Release|x64.Build.0 = Release|Any CPU
		{47D21CAD-E895-4FD2-BEFC-2AE672373B07}.Release|x86.ActiveCfg = Release|Any CPU
		{47D21CAD-E895-4FD2-BEFC-2AE672373B07}.Release|x86.Build.0 = Release|Any CPU
	EndGlobalSection
	GlobalSection(SolutionProperties) = preSolution
		HideSolutionNode = FALSE
	EndGlobalSection
	GlobalSection(NestedProjects) = preSolution
		{E475D507-413F-8FF3-A4B4-C5DF5BD4DC04} = {314C6247-30EA-3492-19B6-DF847E3B326F}
		{9E308D50-4729-4340-8116-0A11F08077BD} = {314C6247-30EA-3492-19B6-DF847E3B326F}
		{6286B71D-7671-43CB-90EC-BB30F350BE7F} = {314C6247-30EA-3492-19B6-DF847E3B326F}
		{B3FAC721-7B13-4FBB-AF4A-7DA14F2F5BD2} = {314C6247-30EA-3492-19B6-DF847E3B326F}
		{76F0645E-5797-4643-978F-3511E7689D92} = {314C6247-30EA-3492-19B6-DF847E3B326F}
		{CA92353B-5E75-4AA7-8BF0-EFE3685E8539} = {314C6247-30EA-3492-19B6-DF847E3B326F}
		{E747431B-6A8D-4F9E-93A2-BAE5226075A8} = {0AB3BF05-4346-4AA6-1389-037BE0695223}
		{327E76F0-857C-4793-8DA7-863CB1B30ECB} = {2B55A73D-1218-FAFF-A140-3DD9B2BFB11F}
		{47D21CAD-E895-4FD2-BEFC-2AE672373B07} = {2B55A73D-1218-FAFF-A140-3DD9B2BFB11F}
	EndGlobalSection
	GlobalSection(ExtensibilityGlobals) = postSolution
		SolutionGuid = {43B60CC8-F7AD-4212-9E61-90027DECA5C3}
	EndGlobalSection
EndGlobal
