
Microsoft Visual Studio Solution File, Format Version 12.00
# Visual Studio Version 17
VisualStudioVersion = 17.5.2.0
MinimumVisualStudioVersion = 10.0.40219.1
Project("{2150E333-8FDC-42A3-9474-1A3956D46DE8}") = "Code", "Code", "{314C6247-30EA-3492-19B6-DF847E3B326F}"
EndProject
Project("{FAE04EC0-301F-11D3-BF4B-00C04F79EFBC}") = "Aids", "Code\Aids\Aids.csproj", "{E475D507-413F-8FF3-A4B4-C5DF5BD4DC04}"
EndProject
Project("{FAE04EC0-301F-11D3-BF4B-00C04F79EFBC}") = "Data", "Code\Data\Data.csproj", "{9E308D50-4729-4340-8116-0A11F08077BD}"
EndProject
Project("{FAE04EC0-301F-11D3-BF4B-00C04F79EFBC}") = "Jobs", "Code\Jobs\Jobs.csproj", "{6286B71D-7671-43CB-90EC-BB30F350BE7F}"
EndProject
Project("{FAE04EC0-301F-11D3-BF4B-00C04F79EFBC}") = "Domain", "Code\Domain\Domain.csproj", "{B3FAC721-7B13-4FBB-AF4A-7DA14F2F5BD2}"
EndProject
Project("{FAE04EC0-301F-11D3-BF4B-00C04F79EFBC}") = "Infra", "Code\Infra\Infra.csproj", "{76F0645E-5797-4643-978F-3511E7689D92}"
EndProject
Project("{2150E333-8FDC-42A3-9474-1A3956D46DE8}") = "Soft", "Soft", "{2B55A73D-1218-FAFF-A140-3DD9B2BFB11F}"
EndProject
Project("{2150E333-8FDC-42A3-9474-1A3956D46DE8}") = "Tests", "Tests", "{0AB3BF05-4346-4AA6-1389-037BE0695223}"
EndProject
Project("{FAE04EC0-301F-11D3-BF4B-00C04F79EFBC}") = "Shared", "Code\Shared\Shared.csproj", "{2CA942E8-46B0-4F83-A944-B44239BD7EAB}"
EndProject
Project("{FAE04EC0-301F-11D3-BF4B-00C04F79EFBC}") = "Aids", "Tests\Aids\Aids.csproj", "{6A94C853-F979-46C3-8279-03B313C23236}"
EndProject
Project("{FAE04EC0-301F-11D3-BF4B-00C04F79EFBC}") = "Data", "Tests\Tests.Data\Data.csproj", "{11F55FF4-3BA2-4263-BF60-F1F88DD4292D}"
EndProject
Project("{2150E333-8FDC-42A3-9474-1A3956D46DE8}") = "Movie", "Movie", "{B4D21EC0-11F4-7254-167B-CA611222BF34}"
EndProject
Project("{FAE04EC0-301F-11D3-BF4B-00C04F79EFBC}") = "Abc.Soft.Web", "Soft\Movie\Abc.Soft.Web\Abc.Soft.Web.csproj", "{3DCAD7F3-9A6B-43E8-B6D1-488AD98E3456}"
EndProject
Project("{FAE04EC0-301F-11D3-BF4B-00C04F79EFBC}") = "Abc.Soft.Web.Client", "Soft\Movie\Abc.Soft.Web.Client\Abc.Soft.Web.Client.csproj", "{7ACD7B47-CF67-46FC-A470-CD2938F26A25}"
EndProject
Global
	GlobalSection(SolutionConfigurationPlatforms) = preSolution
		Debug|Any CPU = Debug|Any CPU
		Debug|x64 = Debug|x64
		Debug|x86 = Debug|x86
		Release|Any CPU = Release|Any CPU
		Release|x64 = Release|x64
		Release|x86 = Release|x86
	EndGlobalSection
	GlobalSection(ProjectConfigurationPlatforms) = postSolution
		{E475D507-413F-8FF3-A4B4-C5DF5BD4DC04}.Debug|Any CPU.ActiveCfg = Debug|Any CPU
		{E475D507-413F-8FF3-A4B4-C5DF5BD4DC04}.Debug|Any CPU.Build.0 = Debug|Any CPU
		{E475D507-413F-8FF3-A4B4-C5DF5BD4DC04}.Debug|x64.ActiveCfg = Debug|Any CPU
		{E475D507-413F-8FF3-A4B4-C5DF5BD4DC04}.Debug|x64.Build.0 = Debug|Any CPU
		{E475D507-413F-8FF3-A4B4-C5DF5BD4DC04}.Debug|x86.ActiveCfg = Debug|Any CPU
		{E475D507-413F-8FF3-A4B4-C5DF5BD4DC04}.Debug|x86.Build.0 = Debug|Any CPU
		{E475D507-413F-8FF3-A4B4-C5DF5BD4DC04}.Release|Any CPU.ActiveCfg = Release|Any CPU
		{E475D507-413F-8FF3-A4B4-C5DF5BD4DC04}.Release|Any CPU.Build.0 = Release|Any CPU
		{E475D507-413F-8FF3-A4B4-C5DF5BD4DC04}.Release|x64.ActiveCfg = Release|Any CPU
		{E475D507-413F-8FF3-A4B4-C5DF5BD4DC04}.Release|x64.Build.0 = Release|Any CPU
		{E475D507-413F-8FF3-A4B4-C5DF5BD4DC04}.Release|x86.ActiveCfg = Release|Any CPU
		{E475D507-413F-8FF3-A4B4-C5DF5BD4DC04}.Release|x86.Build.0 = Release|Any CPU
		{9E308D50-4729-4340-8116-0A11F08077BD}.Debug|Any CPU.ActiveCfg = Debug|Any CPU
		{9E308D50-4729-4340-8116-0A11F08077BD}.Debug|Any CPU.Build.0 = Debug|Any CPU
		{9E308D50-4729-4340-8116-0A11F08077BD}.Debug|x64.ActiveCfg = Debug|Any CPU
		{9E308D50-4729-4340-8116-0A11F08077BD}.Debug|x64.Build.0 = Debug|Any CPU
		{9E308D50-4729-4340-8116-0A11F08077BD}.Debug|x86.ActiveCfg = Debug|Any CPU
		{9E308D50-4729-4340-8116-0A11F08077BD}.Debug|x86.Build.0 = Debug|Any CPU
		{9E308D50-4729-4340-8116-0A11F08077BD}.Release|Any CPU.ActiveCfg = Release|Any CPU
		{9E308D50-4729-4340-8116-0A11F08077BD}.Release|Any CPU.Build.0 = Release|Any CPU
		{9E308D50-4729-4340-8116-0A11F08077BD}.Release|x64.ActiveCfg = Release|Any CPU
		{9E308D50-4729-4340-8116-0A11F08077BD}.Release|x64.Build.0 = Release|Any CPU
		{9E308D50-4729-4340-8116-0A11F08077BD}.Release|x86.ActiveCfg = Release|Any CPU
		{9E308D50-4729-4340-8116-0A11F08077BD}.Release|x86.Build.0 = Release|Any CPU
		{6286B71D-7671-43CB-90EC-BB30F350BE7F}.Debug|Any CPU.ActiveCfg = Debug|Any CPU
		{6286B71D-7671-43CB-90EC-BB30F350BE7F}.Debug|Any CPU.Build.0 = Debug|Any CPU
		{6286B71D-7671-43CB-90EC-BB30F350BE7F}.Debug|x64.ActiveCfg = Debug|Any CPU
		{6286B71D-7671-43CB-90EC-BB30F350BE7F}.Debug|x64.Build.0 = Debug|Any CPU
		{6286B71D-7671-43CB-90EC-BB30F350BE7F}.Debug|x86.ActiveCfg = Debug|Any CPU
		{6286B71D-7671-43CB-90EC-BB30F350BE7F}.Debug|x86.Build.0 = Debug|Any CPU
		{6286B71D-7671-43CB-90EC-BB30F350BE7F}.Release|Any CPU.ActiveCfg = Release|Any CPU
		{6286B71D-7671-43CB-90EC-BB30F350BE7F}.Release|Any CPU.Build.0 = Release|Any CPU
		{6286B71D-7671-43CB-90EC-BB30F350BE7F}.Release|x64.ActiveCfg = Release|Any CPU
		{6286B71D-7671-43CB-90EC-BB30F350BE7F}.Release|x64.Build.0 = Release|Any CPU
		{6286B71D-7671-43CB-90EC-BB30F350BE7F}.Release|x86.ActiveCfg = Release|Any CPU
		{6286B71D-7671-43CB-90EC-BB30F350BE7F}.Release|x86.Build.0 = Release|Any CPU
		{B3FAC721-7B13-4FBB-AF4A-7DA14F2F5BD2}.Debug|Any CPU.ActiveCfg = Debug|Any CPU
		{B3FAC721-7B13-4FBB-AF4A-7DA14F2F5BD2}.Debug|Any CPU.Build.0 = Debug|Any CPU
		{B3FAC721-7B13-4FBB-AF4A-7DA14F2F5BD2}.Debug|x64.ActiveCfg = Debug|Any CPU
		{B3FAC721-7B13-4FBB-AF4A-7DA14F2F5BD2}.Debug|x64.Build.0 = Debug|Any CPU
		{B3FAC721-7B13-4FBB-AF4A-7DA14F2F5BD2}.Debug|x86.ActiveCfg = Debug|Any CPU
		{B3FAC721-7B13-4FBB-AF4A-7DA14F2F5BD2}.Debug|x86.Build.0 = Debug|Any CPU
		{B3FAC721-7B13-4FBB-AF4A-7DA14F2F5BD2}.Release|Any CPU.ActiveCfg = Release|Any CPU
		{B3FAC721-7B13-4FBB-AF4A-7DA14F2F5BD2}.Release|Any CPU.Build.0 = Release|Any CPU
		{B3FAC721-7B13-4FBB-AF4A-7DA14F2F5BD2}.Release|x64.ActiveCfg = Release|Any CPU
		{B3FAC721-7B13-4FBB-AF4A-7DA14F2F5BD2}.Release|x64.Build.0 = Release|Any CPU
		{B3FAC721-7B13-4FBB-AF4A-7DA14F2F5BD2}.Release|x86.ActiveCfg = Release|Any CPU
		{B3FAC721-7B13-4FBB-AF4A-7DA14F2F5BD2}.Release|x86.Build.0 = Release|Any CPU
		{76F0645E-5797-4643-978F-3511E7689D92}.Debug|Any CPU.ActiveCfg = Debug|Any CPU
		{76F0645E-5797-4643-978F-3511E7689D92}.Debug|Any CPU.Build.0 = Debug|Any CPU
		{76F0645E-5797-4643-978F-3511E7689D92}.Debug|x64.ActiveCfg = Debug|Any CPU
		{76F0645E-5797-4643-978F-3511E7689D92}.Debug|x64.Build.0 = Debug|Any CPU
		{76F0645E-5797-4643-978F-3511E7689D92}.Debug|x86.ActiveCfg = Debug|Any CPU
		{76F0645E-5797-4643-978F-3511E7689D92}.Debug|x86.Build.0 = Debug|Any CPU
		{76F0645E-5797-4643-978F-3511E7689D92}.Release|Any CPU.ActiveCfg = Release|Any CPU
		{76F0645E-5797-4643-978F-3511E7689D92}.Release|Any CPU.Build.0 = Release|Any CPU
		{76F0645E-5797-4643-978F-3511E7689D92}.Release|x64.ActiveCfg = Release|Any CPU
		{76F0645E-5797-4643-978F-3511E7689D92}.Release|x64.Build.0 = Release|Any CPU
		{76F0645E-5797-4643-978F-3511E7689D92}.Release|x86.ActiveCfg = Release|Any CPU
		{76F0645E-5797-4643-978F-3511E7689D92}.Release|x86.Build.0 = Release|Any CPU
		{2CA942E8-46B0-4F83-A944-B44239BD7EAB}.Debug|Any CPU.ActiveCfg = Debug|Any CPU
		{2CA942E8-46B0-4F83-A944-B44239BD7EAB}.Debug|Any CPU.Build.0 = Debug|Any CPU
		{2CA942E8-46B0-4F83-A944-B44239BD7EAB}.Debug|x64.ActiveCfg = Debug|Any CPU
		{2CA942E8-46B0-4F83-A944-B44239BD7EAB}.Debug|x64.Build.0 = Debug|Any CPU
		{2CA942E8-46B0-4F83-A944-B44239BD7EAB}.Debug|x86.ActiveCfg = Debug|Any CPU
		{2CA942E8-46B0-4F83-A944-B44239BD7EAB}.Debug|x86.Build.0 = Debug|Any CPU
		{2CA942E8-46B0-4F83-A944-B44239BD7EAB}.Release|Any CPU.ActiveCfg = Release|Any CPU
		{2CA942E8-46B0-4F83-A944-B44239BD7EAB}.Release|Any CPU.Build.0 = Release|Any CPU
		{2CA942E8-46B0-4F83-A944-B44239BD7EAB}.Release|x64.ActiveCfg = Release|Any CPU
		{2CA942E8-46B0-4F83-A944-B44239BD7EAB}.Release|x64.Build.0 = Release|Any CPU
		{2CA942E8-46B0-4F83-A944-B44239BD7EAB}.Release|x86.ActiveCfg = Release|Any CPU
		{2CA942E8-46B0-4F83-A944-B44239BD7EAB}.Release|x86.Build.0 = Release|Any CPU
		{6A94C853-F979-46C3-8279-03B313C23236}.Debug|Any CPU.ActiveCfg = Debug|Any CPU
		{6A94C853-F979-46C3-8279-03B313C23236}.Debug|Any CPU.Build.0 = Debug|Any CPU
		{6A94C853-F979-46C3-8279-03B313C23236}.Debug|x64.ActiveCfg = Debug|Any CPU
		{6A94C853-F979-46C3-8279-03B313C23236}.Debug|x64.Build.0 = Debug|Any CPU
		{6A94C853-F979-46C3-8279-03B313C23236}.Debug|x86.ActiveCfg = Debug|Any CPU
		{6A94C853-F979-46C3-8279-03B313C23236}.Debug|x86.Build.0 = Debug|Any CPU
		{6A94C853-F979-46C3-8279-03B313C23236}.Release|Any CPU.ActiveCfg = Release|Any CPU
		{6A94C853-F979-46C3-8279-03B313C23236}.Release|Any CPU.Build.0 = Release|Any CPU
		{6A94C853-F979-46C3-8279-03B313C23236}.Release|x64.ActiveCfg = Release|Any CPU
		{6A94C853-F979-46C3-8279-03B313C23236}.Release|x64.Build.0 = Release|Any CPU
		{6A94C853-F979-46C3-8279-03B313C23236}.Release|x86.ActiveCfg = Release|Any CPU
		{6A94C853-F979-46C3-8279-03B313C23236}.Release|x86.Build.0 = Release|Any CPU
		{11F55FF4-3BA2-4263-BF60-F1F88DD4292D}.Debug|Any CPU.ActiveCfg = Debug|Any CPU
		{11F55FF4-3BA2-4263-BF60-F1F88DD4292D}.Debug|Any CPU.Build.0 = Debug|Any CPU
		{11F55FF4-3BA2-4263-BF60-F1F88DD4292D}.Debug|x64.ActiveCfg = Debug|Any CPU
		{11F55FF4-3BA2-4263-BF60-F1F88DD4292D}.Debug|x64.Build.0 = Debug|Any CPU
		{11F55FF4-3BA2-4263-BF60-F1F88DD4292D}.Debug|x86.ActiveCfg = Debug|Any CPU
		{11F55FF4-3BA2-4263-BF60-F1F88DD4292D}.Debug|x86.Build.0 = Debug|Any CPU
		{11F55FF4-3BA2-4263-BF60-F1F88DD4292D}.Release|Any CPU.ActiveCfg = Release|Any CPU
		{11F55FF4-3BA2-4263-BF60-F1F88DD4292D}.Release|Any CPU.Build.0 = Release|Any CPU
		{11F55FF4-3BA2-4263-BF60-F1F88DD4292D}.Release|x64.ActiveCfg = Release|Any CPU
		{11F55FF4-3BA2-4263-BF60-F1F88DD4292D}.Release|x64.Build.0 = Release|Any CPU
		{11F55FF4-3BA2-4263-BF60-F1F88DD4292D}.Release|x86.ActiveCfg = Release|Any CPU
		{11F55FF4-3BA2-4263-BF60-F1F88DD4292D}.Release|x86.Build.0 = Release|Any CPU
		{3DCAD7F3-9A6B-43E8-B6D1-488AD98E3456}.Debug|Any CPU.ActiveCfg = Debug|Any CPU
		{3DCAD7F3-9A6B-43E8-B6D1-488AD98E3456}.Debug|Any CPU.Build.0 = Debug|Any CPU
		{3DCAD7F3-9A6B-43E8-B6D1-488AD98E3456}.Debug|x64.ActiveCfg = Debug|Any CPU
		{3DCAD7F3-9A6B-43E8-B6D1-488AD98E3456}.Debug|x64.Build.0 = Debug|Any CPU
		{3DCAD7F3-9A6B-43E8-B6D1-488AD98E3456}.Debug|x86.ActiveCfg = Debug|Any CPU
		{3DCAD7F3-9A6B-43E8-B6D1-488AD98E3456}.Debug|x86.Build.0 = Debug|Any CPU
		{3DCAD7F3-9A6B-43E8-B6D1-488AD98E3456}.Release|Any CPU.ActiveCfg = Release|Any CPU
		{3DCAD7F3-9A6B-43E8-B6D1-488AD98E3456}.Release|Any CPU.Build.0 = Release|Any CPU
		{3DCAD7F3-9A6B-43E8-B6D1-488AD98E3456}.Release|x64.ActiveCfg = Release|Any CPU
		{3DCAD7F3-9A6B-43E8-B6D1-488AD98E3456}.Release|x64.Build.0 = Release|Any CPU
		{3DCAD7F3-9A6B-43E8-B6D1-488AD98E3456}.Release|x86.ActiveCfg = Release|Any CPU
		{3DCAD7F3-9A6B-43E8-B6D1-488AD98E3456}.Release|x86.Build.0 = Release|Any CPU
		{7ACD7B47-CF67-46FC-A470-CD2938F26A25}.Debug|Any CPU.ActiveCfg = Debug|Any CPU
		{7ACD7B47-CF67-46FC-A470-CD2938F26A25}.Debug|Any CPU.Build.0 = Debug|Any CPU
		{7ACD7B47-CF67-46FC-A470-CD2938F26A25}.Debug|x64.ActiveCfg = Debug|Any CPU
		{7ACD7B47-CF67-46FC-A470-CD2938F26A25}.Debug|x64.Build.0 = Debug|Any CPU
		{7ACD7B47-CF67-46FC-A470-CD2938F26A25}.Debug|x86.ActiveCfg = Debug|Any CPU
		{7ACD7B47-CF67-46FC-A470-CD2938F26A25}.Debug|x86.Build.0 = Debug|Any CPU
		{7ACD7B47-CF67-46FC-A470-CD2938F26A25}.Release|Any CPU.ActiveCfg = Release|Any CPU
		{7ACD7B47-CF67-46FC-A470-CD2938F26A25}.Release|Any CPU.Build.0 = Release|Any CPU
		{7ACD7B47-CF67-46FC-A470-CD2938F26A25}.Release|x64.ActiveCfg = Release|Any CPU
		{7ACD7B47-CF67-46FC-A470-CD2938F26A25}.Release|x64.Build.0 = Release|Any CPU
		{7ACD7B47-CF67-46FC-A470-CD2938F26A25}.Release|x86.ActiveCfg = Release|Any CPU
		{7ACD7B47-CF67-46FC-A470-CD2938F26A25}.Release|x86.Build.0 = Release|Any CPU
	EndGlobalSection
	GlobalSection(SolutionProperties) = preSolution
		HideSolutionNode = FALSE
	EndGlobalSection
	GlobalSection(NestedProjects) = preSolution
		{E475D507-413F-8FF3-A4B4-C5DF5BD4DC04} = {314C6247-30EA-3492-19B6-DF847E3B326F}
		{9E308D50-4729-4340-8116-0A11F08077BD} = {314C6247-30EA-3492-19B6-DF847E3B326F}
		{6286B71D-7671-43CB-90EC-BB30F350BE7F} = {314C6247-30EA-3492-19B6-DF847E3B326F}
		{B3FAC721-7B13-4FBB-AF4A-7DA14F2F5BD2} = {314C6247-30EA-3492-19B6-DF847E3B326F}
		{76F0645E-5797-4643-978F-3511E7689D92} = {314C6247-30EA-3492-19B6-DF847E3B326F}
		{2CA942E8-46B0-4F83-A944-B44239BD7EAB} = {314C6247-30EA-3492-19B6-DF847E3B326F}
		{6A94C853-F979-46C3-8279-03B313C23236} = {0AB3BF05-4346-4AA6-1389-037BE0695223}
		{11F55FF4-3BA2-4263-BF60-F1F88DD4292D} = {0AB3BF05-4346-4AA6-1389-037BE0695223}
		{B4D21EC0-11F4-7254-167B-CA611222BF34} = {2B55A73D-1218-FAFF-A140-3DD9B2BFB11F}
		{3DCAD7F3-9A6B-43E8-B6D1-488AD98E3456} = {B4D21EC0-11F4-7254-167B-CA611222BF34}
		{7ACD7B47-CF67-46FC-A470-CD2938F26A25} = {B4D21EC0-11F4-7254-167B-CA611222BF34}
	EndGlobalSection
	GlobalSection(ExtensibilityGlobals) = postSolution
		SolutionGuid = {43B60CC8-F7AD-4212-9E61-90027DECA5C3}
	EndGlobalSection
EndGlobal
